<?xml version="1.0" encoding="utf-8"?>
<Project ToolsVersion="4.0" xmlns="http://schemas.microsoft.com/developer/msbuild/2003">
  <ItemGroup>
    <Filter Include="源文件">
      <UniqueIdentifier>{4FC737F1-C7A5-4376-A066-2A32D752A2FF}</UniqueIdentifier>
      <Extensions>cpp;c;cc;cxx;def;odl;idl;hpj;bat;asm;asmx</Extensions>
    </Filter>
    <Filter Include="头文件">
      <UniqueIdentifier>{93995380-89BD-4b04-88EB-625FBE52EBFB}</UniqueIdentifier>
      <Extensions>h;hh;hpp;hxx;hm;inl;inc;xsd</Extensions>
    </Filter>
    <Filter Include="资源文件">
      <UniqueIdentifier>{67DA6AB6-F800-4c08-8B7A-83BB121AAD01}</UniqueIdentifier>
      <Extensions>rc;ico;cur;bmp;dlg;rc2;rct;bin;rgs;gif;jpg;jpeg;jpe;resx;tiff;tif;png;wav;mfcribbon-ms</Extensions>
    </Filter>
  </ItemGroup>
  <ItemGroup>
    <ClInclude Include="include\headers.h">
      <Filter>头文件</Filter>
    </ClInclude>
    <ClInclude Include="include\randomnumber.h">
      <Filter>头文件</Filter>
    </ClInclude>
    <ClInclude Include="include\testheaders.h">
      <Filter>头文件</Filter>
    </ClInclude>
  </ItemGroup>
  <ItemGroup>
    <ClCompile Include="src\Classical\BinarySearch.cpp">
      <Filter>源文件</Filter>
    </ClCompile>
    <ClCompile Include="src\Classical\EuclidGCD.cpp">
      <Filter>源文件</Filter>
    </ClCompile>
    <ClCompile Include="src\Classical\LinearSearch.cpp">
      <Filter>源文件</Filter>
    </ClCompile>
    <ClCompile Include="src\Sorting\BubbleSort.cpp">
      <Filter>源文件</Filter>
    </ClCompile>
    <ClCompile Include="src\Sorting\HeapSort.cpp">
      <Filter>源文件</Filter>
    </ClCompile>
    <ClCompile Include="src\Sorting\InsertionSort.cpp">
      <Filter>源文件</Filter>
    </ClCompile>
    <ClCompile Include="src\Sorting\MakeHeap.cpp">
      <Filter>源文件</Filter>
    </ClCompile>
    <ClCompile Include="src\Sorting\Merge2SortedSubArrA.cpp">
      <Filter>源文件</Filter>
    </ClCompile>
    <ClCompile Include="src\Sorting\MergeSort.cpp">
      <Filter>源文件</Filter>
    </ClCompile>
    <ClCompile Include="src\Sorting\QuickSort.cpp">
      <Filter>源文件</Filter>
    </ClCompile>
    <ClCompile Include="src\test\TestClassical.cpp">
      <Filter>源文件</Filter>
    </ClCompile>
    <ClCompile Include="src\test\TestEuclidGCD.cpp">
      <Filter>源文件</Filter>
    </ClCompile>
    <ClCompile Include="src\test\TestPrimality.cpp">
      <Filter>源文件</Filter>
    </ClCompile>
    <ClCompile Include="src\test\TestRandomNumber.cpp">
      <Filter>源文件</Filter>
    </ClCompile>
    <ClCompile Include="src\test\TestSorting.cpp">
      <Filter>源文件</Filter>
    </ClCompile>
    <ClCompile Include="src\utilities\Print1DArr.cpp">
      <Filter>源文件</Filter>
    </ClCompile>
    <ClCompile Include="src\utilities\RandomNumber.cpp">
      <Filter>源文件</Filter>
    </ClCompile>
    <ClCompile Include="src\main.cpp">
      <Filter>源文件</Filter>
    </ClCompile>
    <ClCompile Include="src\ExhaustiveSearch\PrimalTestTrialDiv.cpp">
      <Filter>源文件</Filter>
    </ClCompile>
    <ClCompile Include="src\ExhaustiveSearch\ESSubsetTree.cpp">
      <Filter>源文件</Filter>
    </ClCompile>
    <ClCompile Include="src\ExhaustiveSearch\ESPermutationTree.cpp">
      <Filter>源文件</Filter>
    </ClCompile>
    <ClCompile Include="src\ExhaustiveSearch\ES0_1Knapsack.cpp">
      <Filter>源文件</Filter>
    </ClCompile>
    <ClCompile Include="src\test\TestES0_1KnapsackA().cpp">
      <Filter>源文件</Filter>
    </ClCompile>
  </ItemGroup>
</Project>