<?xml version="1.0" encoding="utf-8"?>
<Project ToolsVersion="4.0" xmlns="http://schemas.microsoft.com/developer/msbuild/2003">
  <ItemGroup>
    <Filter Include="源文件">
      <UniqueIdentifier>{4FC737F1-C7A5-4376-A066-2A32D752A2FF}</UniqueIdentifier>
      <Extensions>cpp;c;cc;cxx;def;odl;idl;hpj;bat;asm;asmx</Extensions>
    </Filter>
    <Filter Include="头文件">
      <UniqueIdentifier>{93995380-89BD-4b04-88EB-625FBE52EBFB}</UniqueIdentifier>
      <Extensions>h;hh;hpp;hxx;hm;inl;inc;xsd</Extensions>
    </Filter>
    <Filter Include="资源文件">
      <UniqueIdentifier>{67DA6AB6-F800-4c08-8B7A-83BB121AAD01}</UniqueIdentifier>
      <Extensions>rc;ico;cur;bmp;dlg;rc2;rct;bin;rgs;gif;jpg;jpeg;jpe;resx;tiff;tif;png;wav;mfcribbon-ms</Extensions>
    </Filter>
  </ItemGroup>
  <ItemGroup>
    <ClInclude Include="include\headers.h">
      <Filter>头文件</Filter>
    </ClInclude>
    <ClInclude Include="include\randomnumber.h">
      <Filter>头文件</Filter>
    </ClInclude>
    <ClInclude Include="include\testheaders.h">
      <Filter>头文件</Filter>
    </ClInclude>
    <ClInclude Include="include\test.h">
      <Filter>头文件</Filter>
    </ClInclude>
  </ItemGroup>
  <ItemGroup>
    <ClCompile Include="src\test\TestClassical.cpp">
      <Filter>源文件</Filter>
    </ClCompile>
    <ClCompile Include="src\test\TestEuclidGCD.cpp">
      <Filter>源文件</Filter>
    </ClCompile>
    <ClCompile Include="src\test\TestPrimality.cpp">
      <Filter>源文件</Filter>
    </ClCompile>
    <ClCompile Include="src\test\TestRandomNumber.cpp">
      <Filter>源文件</Filter>
    </ClCompile>
    <ClCompile Include="src\test\TestSorting.cpp">
      <Filter>源文件</Filter>
    </ClCompile>
    <ClCompile Include="src\utilities\Print1DArr.cpp">
      <Filter>源文件</Filter>
    </ClCompile>
    <ClCompile Include="src\utilities\RandomNumber.cpp">
      <Filter>源文件</Filter>
    </ClCompile>
    <ClCompile Include="src\main.cpp">
      <Filter>源文件</Filter>
    </ClCompile>
    <ClCompile Include="src\ExhaustiveSearch\PrimalTestTrialDiv.cpp">
      <Filter>源文件</Filter>
    </ClCompile>
    <ClCompile Include="src\ExhaustiveSearch\ESSubsetTree.cpp">
      <Filter>源文件</Filter>
    </ClCompile>
    <ClCompile Include="src\ExhaustiveSearch\ESPermutationTree.cpp">
      <Filter>源文件</Filter>
    </ClCompile>
    <ClCompile Include="src\ExhaustiveSearch\ES0_1Knapsack.cpp">
      <Filter>源文件</Filter>
    </ClCompile>
    <ClCompile Include="src\test\TestES0_1KnapsackR.cpp">
      <Filter>源文件</Filter>
    </ClCompile>
    <ClCompile Include="src\ExhaustiveSearch\ESTSP.cpp">
      <Filter>源文件</Filter>
    </ClCompile>
    <ClCompile Include="src\utilities\PrintDistData.cpp">
      <Filter>源文件</Filter>
    </ClCompile>
    <ClCompile Include="src\test\TestES0_1KnapsackA.cpp">
      <Filter>源文件</Filter>
    </ClCompile>
    <ClCompile Include="src\test\TestESTSPA.cpp">
      <Filter>源文件</Filter>
    </ClCompile>
    <ClCompile Include="src\test\test.cpp">
      <Filter>源文件</Filter>
    </ClCompile>
    <ClCompile Include="src\ExhaustiveSearch\ESTSP_UT.cpp">
      <Filter>源文件</Filter>
    </ClCompile>
    <ClCompile Include="src\test\TestESTSP_UTA.cpp">
      <Filter>源文件</Filter>
    </ClCompile>
    <ClCompile Include="src\utilities\SetLogFile.cpp">
      <Filter>源文件</Filter>
    </ClCompile>
    <ClCompile Include="src\utilities\ConfigConsole.cpp">
      <Filter>源文件</Filter>
    </ClCompile>
    <ClCompile Include="src\ExhaustiveSearch\ESTSP_UT_F.cpp">
      <Filter>源文件</Filter>
    </ClCompile>
    <ClCompile Include="src\test\TestESTSP_UT_FA.cpp">
      <Filter>源文件</Filter>
    </ClCompile>
    <ClCompile Include="src\test\TestESTSP_UT_SD.cpp">
      <Filter>源文件</Filter>
    </ClCompile>
    <ClCompile Include="src\utilities\GetDateTime.cpp">
      <Filter>源文件</Filter>
    </ClCompile>
    <ClCompile Include="src\ExhaustiveSearch\ESTSP_UT_P.cpp">
      <Filter>源文件</Filter>
    </ClCompile>
    <ClCompile Include="src\test\TestESTSP_UT_SD_P.cpp">
      <Filter>源文件</Filter>
    </ClCompile>
    <ClCompile Include="src\test\TestESTSP_UT_SD_TH.cpp">
      <Filter>源文件</Filter>
    </ClCompile>
    <ClCompile Include="src\ExhaustiveSearch\ESTSP_UT_TH.cpp">
      <Filter>源文件</Filter>
    </ClCompile>
    <ClCompile Include="src\test\TestHash.cpp">
      <Filter>源文件</Filter>
    </ClCompile>
    <ClCompile Include="src\test\TestTSP_BHK_DPA.cpp">
      <Filter>源文件</Filter>
    </ClCompile>
    <ClCompile Include="src\DP\TSP_BHK_DP.cpp">
      <Filter>源文件</Filter>
    </ClCompile>
    <ClCompile Include="src\DP\TSP_BHK_DPv.cpp">
      <Filter>源文件</Filter>
    </ClCompile>
    <ClCompile Include="src\test\TestTSP_BHK_DPvA.cpp">
      <Filter>源文件</Filter>
    </ClCompile>
    <ClCompile Include="src\DP\TSP_BHK_DP_N.cpp">
      <Filter>源文件</Filter>
    </ClCompile>
    <ClCompile Include="src\test\TestTSP_BHK_DP_N_SD.cpp">
      <Filter>源文件</Filter>
    </ClCompile>
    <ClCompile Include="src\test\TestShuffle.cpp">
      <Filter>源文件</Filter>
    </ClCompile>
    <ClCompile Include="src\ExhaustiveSearch\PermutingA.cpp">
      <Filter>源文件</Filter>
    </ClCompile>
    <ClCompile Include="src\ExhaustiveSearch\PermutingHeap.cpp">
      <Filter>源文件</Filter>
    </ClCompile>
    <ClCompile Include="src\ExhaustiveSearch\EnumSubsetsT.cpp">
      <Filter>源文件</Filter>
    </ClCompile>
    <ClCompile Include="src\ErrorControl\ParityCheck.cpp">
      <Filter>源文件</Filter>
    </ClCompile>
    <ClCompile Include="src\ExhaustiveSearch\DFSM.cpp">
      <Filter>源文件</Filter>
    </ClCompile>
    <ClCompile Include="src\ExhaustiveSearch\BFSM.cpp">
      <Filter>源文件</Filter>
    </ClCompile>
    <ClCompile Include="src\test\TestDFSM_BFSM.cpp">
      <Filter>源文件</Filter>
    </ClCompile>
    <ClCompile Include="src\test\TestDFS_BFS.cpp">
      <Filter>源文件</Filter>
    </ClCompile>
    <ClCompile Include="src\ExhaustiveSearch\ESTSP18.cpp">
      <Filter>源文件</Filter>
    </ClCompile>
    <ClCompile Include="src\test\TestESTSP18.cpp">
      <Filter>源文件</Filter>
    </ClCompile>
    <ClCompile Include="src\test\TestESTSP18SD.cpp">
      <Filter>源文件</Filter>
    </ClCompile>
    <ClCompile Include="src\Classical\BinarySearchR.cpp">
      <Filter>源文件</Filter>
    </ClCompile>
    <ClCompile Include="src\Classical\EuclidGCDR.cpp">
      <Filter>源文件</Filter>
    </ClCompile>
    <ClCompile Include="src\test\TestEuclidGCDR.cpp">
      <Filter>源文件</Filter>
    </ClCompile>
    <ClCompile Include="src\test\TestLSEditDist.cpp">
      <Filter>源文件</Filter>
    </ClCompile>
    <ClCompile Include="src\BackTracking\BKnQueens.cpp">
      <Filter>源文件</Filter>
    </ClCompile>
    <ClCompile Include="src\test\TestDP0_1Knapsack.cpp">
      <Filter>源文件</Filter>
    </ClCompile>
    <ClCompile Include="src\CS\AlgorithmD_A\DynamicProgramming\LSEditDist.cpp">
      <Filter>源文件</Filter>
    </ClCompile>
    <ClCompile Include="src\CS\AlgorithmD_A\DynamicProgramming\DP0_1Knapsack.cpp">
      <Filter>源文件</Filter>
    </ClCompile>
    <ClCompile Include="src\CS\AlgorithmD_A\Classical\EuclidGCD.cpp">
      <Filter>源文件</Filter>
    </ClCompile>
    <ClCompile Include="src\CS\AlgorithmD_A\Classical\Shuffle.cpp">
      <Filter>源文件</Filter>
    </ClCompile>
    <ClCompile Include="src\CS\AlgorithmD_A\GraphAlgorithms\GraphBFS.cpp">
      <Filter>源文件</Filter>
    </ClCompile>
    <ClCompile Include="src\CS\AlgorithmD_A\GraphAlgorithms\GraphDFS.cpp">
      <Filter>源文件</Filter>
    </ClCompile>
    <ClCompile Include="src\CS\AlgorithmD_A\Sorting\BubbleSort.cpp">
      <Filter>源文件</Filter>
    </ClCompile>
    <ClCompile Include="src\CS\AlgorithmD_A\Sorting\InsertionSort.cpp">
      <Filter>源文件</Filter>
    </ClCompile>
    <ClCompile Include="src\CS\AlgorithmD_A\Sorting\SelectionSort.cpp">
      <Filter>源文件</Filter>
    </ClCompile>
    <ClCompile Include="src\CS\AlgorithmD_A\Sorting\QuickSort.cpp">
      <Filter>源文件</Filter>
    </ClCompile>
    <ClCompile Include="src\CS\AlgorithmD_A\Sorting\HeapSortNode\HeapSort.cpp">
      <Filter>源文件</Filter>
    </ClCompile>
    <ClCompile Include="src\CS\AlgorithmD_A\Sorting\HeapSortNode\MaxHeapify.cpp">
      <Filter>源文件</Filter>
    </ClCompile>
    <ClCompile Include="src\CS\AlgorithmD_A\Sorting\MergeSortNode\MergeSort.cpp">
      <Filter>源文件</Filter>
    </ClCompile>
    <ClCompile Include="src\CS\AlgorithmD_A\Sorting\MergeSortNode\TwoWayMerge.cpp">
      <Filter>源文件</Filter>
    </ClCompile>
    <ClCompile Include="src\CS\AlgorithmD_A\ExhaustiveSearch\LinearSearch.cpp">
      <Filter>源文件</Filter>
    </ClCompile>
    <ClCompile Include="src\CS\AlgorithmD_A\ExhaustiveSearch\Permuting.cpp">
      <Filter>源文件</Filter>
    </ClCompile>
    <ClCompile Include="src\CS\AlgorithmD_A\ExhaustiveSearch\PermutingSJT.cpp">
      <Filter>源文件</Filter>
    </ClCompile>
    <ClCompile Include="src\CS\AlgorithmD_A\ExhaustiveSearch\Subsetting.cpp">
      <Filter>源文件</Filter>
    </ClCompile>
    <ClCompile Include="src\CS\AlgorithmD_A\DivideAndConquer\BinarySearch.cpp">
      <Filter>源文件</Filter>
    </ClCompile>
    <ClCompile Include="src\CS\AlgorithmD_A\DivideAndConquer\ChessBoardTiling.cpp">
      <Filter>源文件</Filter>
    </ClCompile>
  </ItemGroup>
</Project>